
Microsoft Visual Studio Solution File, Format Version 12.00
# Visual Studio Version 16
VisualStudioVersion = 16.0.29503.13
MinimumVisualStudioVersion = 10.0.40219.1
Project("{FAE04EC0-301F-11D3-BF4B-00C04F79EFBC}") = "Area51Elevator", "Area51Elevator.csproj", "{BE0218CA-6D1F-43DD-AC94-9D785E9B2C7B}"
EndProject
Global
	GlobalSection(SolutionConfigurationPlatforms) = preSolution
		Debug|Any CPU = Debug|Any CPU
		Release|Any CPU = Release|Any CPU
	EndGlobalSection
	GlobalSection(ProjectConfigurationPlatforms) = postSolution
		{BE0218CA-6D1F-43DD-AC94-9D785E9B2C7B}.Debug|Any CPU.ActiveCfg = Debug|Any CPU
		{BE0218CA-6D1F-43DD-AC94-9D785E9B2C7B}.Debug|Any CPU.Build.0 = Debug|Any CPU
		{BE0218CA-6D1F-43DD-AC94-9D785E9B2C7B}.Release|Any CPU.ActiveCfg = Release|Any CPU
		{BE0218CA-6D1F-43DD-AC94-9D785E9B2C7B}.Release|Any CPU.Build.0 = Release|Any CPU
	EndGlobalSection
	GlobalSection(SolutionProperties) = preSolution
		HideSolutionNode = FALSE
	EndGlobalSection
	GlobalSection(ExtensibilityGlobals) = postSolution
		SolutionGuid = {6CD80B6A-D976-4BD4-ADE3-AEDB9B2C29AB}
	EndGlobalSection
EndGlobal
